// !$*UTF8*$!
{
	archiveVersion = 1;
	classes = {
	};
	objectVersion = 55;
	objects = {

/* Begin PBXBuildFile section */
		311C16F127FB388000A51F9F /* TabBarViewController.swift in Sources */ = {isa = PBXBuildFile; fileRef = 311C16F027FB388000A51F9F /* TabBarViewController.swift */; };
		311C16F327FB38D100A51F9F /* SearchViewController.swift in Sources */ = {isa = PBXBuildFile; fileRef = 311C16F227FB38D100A51F9F /* SearchViewController.swift */; };
		311C16F527FB38E600A51F9F /* LibraryViewController.swift in Sources */ = {isa = PBXBuildFile; fileRef = 311C16F427FB38E600A51F9F /* LibraryViewController.swift */; };
		311C16F927FB392100A51F9F /* AuthViewController.swift in Sources */ = {isa = PBXBuildFile; fileRef = 311C16F827FB392100A51F9F /* AuthViewController.swift */; };
		311C16FB27FB393200A51F9F /* WelcomeViewController.swift in Sources */ = {isa = PBXBuildFile; fileRef = 311C16FA27FB393200A51F9F /* WelcomeViewController.swift */; };
		311C16FD27FB393D00A51F9F /* SettingsViewController.swift in Sources */ = {isa = PBXBuildFile; fileRef = 311C16FC27FB393D00A51F9F /* SettingsViewController.swift */; };
		311C16FF27FB394800A51F9F /* ProfileViewController.swift in Sources */ = {isa = PBXBuildFile; fileRef = 311C16FE27FB394800A51F9F /* ProfileViewController.swift */; };
		311C170127FB395300A51F9F /* PlayerViewController.swift in Sources */ = {isa = PBXBuildFile; fileRef = 311C170027FB395300A51F9F /* PlayerViewController.swift */; };
		311C170327FB396000A51F9F /* PlaylistViewController.swift in Sources */ = {isa = PBXBuildFile; fileRef = 311C170227FB396000A51F9F /* PlaylistViewController.swift */; };
		311C170527FB397B00A51F9F /* SearchResultsViewController.swift in Sources */ = {isa = PBXBuildFile; fileRef = 311C170427FB397B00A51F9F /* SearchResultsViewController.swift */; };
		311C170727FB399700A51F9F /* AuthManager.swift in Sources */ = {isa = PBXBuildFile; fileRef = 311C170627FB399700A51F9F /* AuthManager.swift */; };
		311C170927FB39A400A51F9F /* APICaller.swift in Sources */ = {isa = PBXBuildFile; fileRef = 311C170827FB39A400A51F9F /* APICaller.swift */; };
		311C170B27FB39B100A51F9F /* HapticsManager.swift in Sources */ = {isa = PBXBuildFile; fileRef = 311C170A27FB39B100A51F9F /* HapticsManager.swift */; };
		311C170D27FB39C600A51F9F /* Playlist.swift in Sources */ = {isa = PBXBuildFile; fileRef = 311C170C27FB39C600A51F9F /* Playlist.swift */; };
		311C170F27FB39D500A51F9F /* AudioTrack.swift in Sources */ = {isa = PBXBuildFile; fileRef = 311C170E27FB39D500A51F9F /* AudioTrack.swift */; };
		311C171127FB39DE00A51F9F /* Artist.swift in Sources */ = {isa = PBXBuildFile; fileRef = 311C171027FB39DE00A51F9F /* Artist.swift */; };
		311C171327FB39EB00A51F9F /* UserProfile.swift in Sources */ = {isa = PBXBuildFile; fileRef = 311C171227FB39EB00A51F9F /* UserProfile.swift */; };
		311C171527FB562800A51F9F /* Extensions.swift in Sources */ = {isa = PBXBuildFile; fileRef = 311C171427FB562800A51F9F /* Extensions.swift */; };
		311C171727FB79FA00A51F9F /* AuthResonse.swift in Sources */ = {isa = PBXBuildFile; fileRef = 311C171627FB79FA00A51F9F /* AuthResonse.swift */; };
		311C171927FC89BC00A51F9F /* APIImage.swift in Sources */ = {isa = PBXBuildFile; fileRef = 311C171827FC89BC00A51F9F /* APIImage.swift */; };
		311C171B27FC8BB900A51F9F /* SettingsModel.swift in Sources */ = {isa = PBXBuildFile; fileRef = 311C171A27FC8BB900A51F9F /* SettingsModel.swift */; };
		31AC5FCD27FB332100DA492C /* AppDelegate.swift in Sources */ = {isa = PBXBuildFile; fileRef = 31AC5FCC27FB332100DA492C /* AppDelegate.swift */; };
		31AC5FCF27FB332100DA492C /* SceneDelegate.swift in Sources */ = {isa = PBXBuildFile; fileRef = 31AC5FCE27FB332100DA492C /* SceneDelegate.swift */; };
		31AC5FD127FB332100DA492C /* HomeViewController.swift in Sources */ = {isa = PBXBuildFile; fileRef = 31AC5FD027FB332100DA492C /* HomeViewController.swift */; };
		31AC5FD627FB332600DA492C /* Assets.xcassets in Resources */ = {isa = PBXBuildFile; fileRef = 31AC5FD527FB332600DA492C /* Assets.xcassets */; };
		31AC5FD927FB332600DA492C /* LaunchScreen.storyboard in Resources */ = {isa = PBXBuildFile; fileRef = 31AC5FD727FB332600DA492C /* LaunchScreen.storyboard */; };
/* End PBXBuildFile section */

/* Begin PBXFileReference section */
		311C16F027FB388000A51F9F /* TabBarViewController.swift */ = {isa = PBXFileReference; lastKnownFileType = sourcecode.swift; path = TabBarViewController.swift; sourceTree = "<group>"; };
		311C16F227FB38D100A51F9F /* SearchViewController.swift */ = {isa = PBXFileReference; lastKnownFileType = sourcecode.swift; path = SearchViewController.swift; sourceTree = "<group>"; };
		311C16F427FB38E600A51F9F /* LibraryViewController.swift */ = {isa = PBXFileReference; lastKnownFileType = sourcecode.swift; path = LibraryViewController.swift; sourceTree = "<group>"; };
		311C16F827FB392100A51F9F /* AuthViewController.swift */ = {isa = PBXFileReference; lastKnownFileType = sourcecode.swift; path = AuthViewController.swift; sourceTree = "<group>"; };
		311C16FA27FB393200A51F9F /* WelcomeViewController.swift */ = {isa = PBXFileReference; lastKnownFileType = sourcecode.swift; path = WelcomeViewController.swift; sourceTree = "<group>"; };
		311C16FC27FB393D00A51F9F /* SettingsViewController.swift */ = {isa = PBXFileReference; lastKnownFileType = sourcecode.swift; path = SettingsViewController.swift; sourceTree = "<group>"; };
		311C16FE27FB394800A51F9F /* ProfileViewController.swift */ = {isa = PBXFileReference; lastKnownFileType = sourcecode.swift; path = ProfileViewController.swift; sourceTree = "<group>"; };
		311C170027FB395300A51F9F /* PlayerViewController.swift */ = {isa = PBXFileReference; lastKnownFileType = sourcecode.swift; path = PlayerViewController.swift; sourceTree = "<group>"; };
		311C170227FB396000A51F9F /* PlaylistViewController.swift */ = {isa = PBXFileReference; lastKnownFileType = sourcecode.swift; path = PlaylistViewController.swift; sourceTree = "<group>"; };
		311C170427FB397B00A51F9F /* SearchResultsViewController.swift */ = {isa = PBXFileReference; lastKnownFileType = sourcecode.swift; path = SearchResultsViewController.swift; sourceTree = "<group>"; };
		311C170627FB399700A51F9F /* AuthManager.swift */ = {isa = PBXFileReference; lastKnownFileType = sourcecode.swift; path = AuthManager.swift; sourceTree = "<group>"; };
		311C170827FB39A400A51F9F /* APICaller.swift */ = {isa = PBXFileReference; lastKnownFileType = sourcecode.swift; path = APICaller.swift; sourceTree = "<group>"; };
		311C170A27FB39B100A51F9F /* HapticsManager.swift */ = {isa = PBXFileReference; lastKnownFileType = sourcecode.swift; path = HapticsManager.swift; sourceTree = "<group>"; };
		311C170C27FB39C600A51F9F /* Playlist.swift */ = {isa = PBXFileReference; lastKnownFileType = sourcecode.swift; path = Playlist.swift; sourceTree = "<group>"; };
		311C170E27FB39D500A51F9F /* AudioTrack.swift */ = {isa = PBXFileReference; lastKnownFileType = sourcecode.swift; path = AudioTrack.swift; sourceTree = "<group>"; };
		311C171027FB39DE00A51F9F /* Artist.swift */ = {isa = PBXFileReference; lastKnownFileType = sourcecode.swift; path = Artist.swift; sourceTree = "<group>"; };
		311C171227FB39EB00A51F9F /* UserProfile.swift */ = {isa = PBXFileReference; lastKnownFileType = sourcecode.swift; path = UserProfile.swift; sourceTree = "<group>"; };
		311C171427FB562800A51F9F /* Extensions.swift */ = {isa = PBXFileReference; lastKnownFileType = sourcecode.swift; path = Extensions.swift; sourceTree = "<group>"; };
		311C171627FB79FA00A51F9F /* AuthResonse.swift */ = {isa = PBXFileReference; lastKnownFileType = sourcecode.swift; path = AuthResonse.swift; sourceTree = "<group>"; };
		311C171827FC89BC00A51F9F /* APIImage.swift */ = {isa = PBXFileReference; lastKnownFileType = sourcecode.swift; path = APIImage.swift; sourceTree = "<group>"; };
		311C171A27FC8BB900A51F9F /* SettingsModel.swift */ = {isa = PBXFileReference; lastKnownFileType = sourcecode.swift; path = SettingsModel.swift; sourceTree = "<group>"; };
		31AC5FC927FB332100DA492C /* Spotify.app */ = {isa = PBXFileReference; explicitFileType = wrapper.application; includeInIndex = 0; path = Spotify.app; sourceTree = BUILT_PRODUCTS_DIR; };
		31AC5FCC27FB332100DA492C /* AppDelegate.swift */ = {isa = PBXFileReference; lastKnownFileType = sourcecode.swift; path = AppDelegate.swift; sourceTree = "<group>"; };
		31AC5FCE27FB332100DA492C /* SceneDelegate.swift */ = {isa = PBXFileReference; lastKnownFileType = sourcecode.swift; path = SceneDelegate.swift; sourceTree = "<group>"; };
		31AC5FD027FB332100DA492C /* HomeViewController.swift */ = {isa = PBXFileReference; lastKnownFileType = sourcecode.swift; path = HomeViewController.swift; sourceTree = "<group>"; };
		31AC5FD527FB332600DA492C /* Assets.xcassets */ = {isa = PBXFileReference; lastKnownFileType = folder.assetcatalog; path = Assets.xcassets; sourceTree = "<group>"; };
		31AC5FD827FB332600DA492C /* Base */ = {isa = PBXFileReference; lastKnownFileType = file.storyboard; name = Base; path = Base.lproj/LaunchScreen.storyboard; sourceTree = "<group>"; };
		31AC5FDA27FB332600DA492C /* Info.plist */ = {isa = PBXFileReference; lastKnownFileType = text.plist.xml; path = Info.plist; sourceTree = "<group>"; };
/* End PBXFileReference section */

/* Begin PBXFrameworksBuildPhase section */
		31AC5FC627FB332100DA492C /* Frameworks */ = {
			isa = PBXFrameworksBuildPhase;
			buildActionMask = 2147483647;
			files = (
			);
			runOnlyForDeploymentPostprocessing = 0;
		};
/* End PBXFrameworksBuildPhase section */

/* Begin PBXGroup section */
		311C16F627FB38EE00A51F9F /* Core */ = {
			isa = PBXGroup;
			children = (
				311C16F027FB388000A51F9F /* TabBarViewController.swift */,
				31AC5FD027FB332100DA492C /* HomeViewController.swift */,
				311C16F227FB38D100A51F9F /* SearchViewController.swift */,
				311C16F427FB38E600A51F9F /* LibraryViewController.swift */,
			);
			path = Core;
			sourceTree = "<group>";
		};
		311C16F727FB390D00A51F9F /* Other */ = {
			isa = PBXGroup;
			children = (
				311C16F827FB392100A51F9F /* AuthViewController.swift */,
				311C16FA27FB393200A51F9F /* WelcomeViewController.swift */,
				311C16FC27FB393D00A51F9F /* SettingsViewController.swift */,
				311C16FE27FB394800A51F9F /* ProfileViewController.swift */,
				311C170027FB395300A51F9F /* PlayerViewController.swift */,
				311C170227FB396000A51F9F /* PlaylistViewController.swift */,
				311C170427FB397B00A51F9F /* SearchResultsViewController.swift */,
			);
			path = Other;
			sourceTree = "<group>";
		};
		31AC5FC027FB332100DA492C = {
			isa = PBXGroup;
			children = (
				31AC5FCB27FB332100DA492C /* Spotify */,
				31AC5FCA27FB332100DA492C /* Products */,
			);
			sourceTree = "<group>";
		};
		31AC5FCA27FB332100DA492C /* Products */ = {
			isa = PBXGroup;
			children = (
				31AC5FC927FB332100DA492C /* Spotify.app */,
			);
			name = Products;
			sourceTree = "<group>";
		};
		31AC5FCB27FB332100DA492C /* Spotify */ = {
			isa = PBXGroup;
			children = (
				31AC5FE527FB33A800DA492C /* Resources */,
				31AC5FE427FB339E00DA492C /* Managers */,
				31AC5FE327FB338700DA492C /* ViewModels */,
				31AC5FE227FB338100DA492C /* Models */,
				31AC5FE127FB337A00DA492C /* View */,
				31AC5FE027FB336F00DA492C /* Controllers */,
				31AC5FDA27FB332600DA492C /* Info.plist */,
			);
			path = Spotify;
			sourceTree = "<group>";
		};
		31AC5FE027FB336F00DA492C /* Controllers */ = {
			isa = PBXGroup;
			children = (
				311C16F727FB390D00A51F9F /* Other */,
				311C16F627FB38EE00A51F9F /* Core */,
			);
			path = Controllers;
			sourceTree = "<group>";
		};
		31AC5FE127FB337A00DA492C /* View */ = {
			isa = PBXGroup;
			children = (
				31AC5FD727FB332600DA492C /* LaunchScreen.storyboard */,
			);
			path = View;
			sourceTree = "<group>";
		};
		31AC5FE227FB338100DA492C /* Models */ = {
			isa = PBXGroup;
			children = (
				311C170C27FB39C600A51F9F /* Playlist.swift */,
				311C170E27FB39D500A51F9F /* AudioTrack.swift */,
				311C171027FB39DE00A51F9F /* Artist.swift */,
				311C171227FB39EB00A51F9F /* UserProfile.swift */,
				311C171627FB79FA00A51F9F /* AuthResonse.swift */,
				311C171827FC89BC00A51F9F /* APIImage.swift */,
				311C171A27FC8BB900A51F9F /* SettingsModel.swift */,
			);
			path = Models;
			sourceTree = "<group>";
		};
		31AC5FE327FB338700DA492C /* ViewModels */ = {
			isa = PBXGroup;
			children = (
			);
			path = ViewModels;
			sourceTree = "<group>";
		};
		31AC5FE427FB339E00DA492C /* Managers */ = {
			isa = PBXGroup;
			children = (
				311C170627FB399700A51F9F /* AuthManager.swift */,
				311C170827FB39A400A51F9F /* APICaller.swift */,
				311C170A27FB39B100A51F9F /* HapticsManager.swift */,
			);
			path = Managers;
			sourceTree = "<group>";
		};
		31AC5FE527FB33A800DA492C /* Resources */ = {
			isa = PBXGroup;
			children = (
				31AC5FCC27FB332100DA492C /* AppDelegate.swift */,
				31AC5FCE27FB332100DA492C /* SceneDelegate.swift */,
				31AC5FD527FB332600DA492C /* Assets.xcassets */,
				311C171427FB562800A51F9F /* Extensions.swift */,
			);
			path = Resources;
			sourceTree = "<group>";
		};
/* End PBXGroup section */

/* Begin PBXNativeTarget section */
		31AC5FC827FB332100DA492C /* Spotify */ = {
			isa = PBXNativeTarget;
			buildConfigurationList = 31AC5FDD27FB332600DA492C /* Build configuration list for PBXNativeTarget "Spotify" */;
			buildPhases = (
				31AC5FC527FB332100DA492C /* Sources */,
				31AC5FC627FB332100DA492C /* Frameworks */,
				31AC5FC727FB332100DA492C /* Resources */,
			);
			buildRules = (
			);
			dependencies = (
			);
			name = Spotify;
			productName = Spotify;
			productReference = 31AC5FC927FB332100DA492C /* Spotify.app */;
			productType = "com.apple.product-type.application";
		};
/* End PBXNativeTarget section */

/* Begin PBXProject section */
		31AC5FC127FB332100DA492C /* Project object */ = {
			isa = PBXProject;
			attributes = {
				BuildIndependentTargetsInParallel = 1;
				LastSwiftUpdateCheck = 1330;
				LastUpgradeCheck = 1330;
				TargetAttributes = {
					31AC5FC827FB332100DA492C = {
						CreatedOnToolsVersion = 13.3;
					};
				};
			};
			buildConfigurationList = 31AC5FC427FB332100DA492C /* Build configuration list for PBXProject "Spotify" */;
			compatibilityVersion = "Xcode 13.0";
			developmentRegion = en;
			hasScannedForEncodings = 0;
			knownRegions = (
				en,
				Base,
			);
			mainGroup = 31AC5FC027FB332100DA492C;
			productRefGroup = 31AC5FCA27FB332100DA492C /* Products */;
			projectDirPath = "";
			projectRoot = "";
			targets = (
				31AC5FC827FB332100DA492C /* Spotify */,
			);
		};
/* End PBXProject section */

/* Begin PBXResourcesBuildPhase section */
		31AC5FC727FB332100DA492C /* Resources */ = {
			isa = PBXResourcesBuildPhase;
			buildActionMask = 2147483647;
			files = (
				31AC5FD927FB332600DA492C /* LaunchScreen.storyboard in Resources */,
				31AC5FD627FB332600DA492C /* Assets.xcassets in Resources */,
			);
			runOnlyForDeploymentPostprocessing = 0;
		};
/* End PBXResourcesBuildPhase section */

/* Begin PBXSourcesBuildPhase section */
		31AC5FC527FB332100DA492C /* Sources */ = {
			isa = PBXSourcesBuildPhase;
			buildActionMask = 2147483647;
			files = (
				311C171B27FC8BB900A51F9F /* SettingsModel.swift in Sources */,
				311C16F327FB38D100A51F9F /* SearchViewController.swift in Sources */,
				311C171927FC89BC00A51F9F /* APIImage.swift in Sources */,
				311C170D27FB39C600A51F9F /* Playlist.swift in Sources */,
				311C170727FB399700A51F9F /* AuthManager.swift in Sources */,
				311C170527FB397B00A51F9F /* SearchResultsViewController.swift in Sources */,
				311C16FB27FB393200A51F9F /* WelcomeViewController.swift in Sources */,
				311C16FF27FB394800A51F9F /* ProfileViewController.swift in Sources */,
				311C16F127FB388000A51F9F /* TabBarViewController.swift in Sources */,
				311C171727FB79FA00A51F9F /* AuthResonse.swift in Sources */,
				311C170B27FB39B100A51F9F /* HapticsManager.swift in Sources */,
				311C170F27FB39D500A51F9F /* AudioTrack.swift in Sources */,
				31AC5FD127FB332100DA492C /* HomeViewController.swift in Sources */,
				311C16F927FB392100A51F9F /* AuthViewController.swift in Sources */,
				31AC5FCD27FB332100DA492C /* AppDelegate.swift in Sources */,
				311C171327FB39EB00A51F9F /* UserProfile.swift in Sources */,
				311C171527FB562800A51F9F /* Extensions.swift in Sources */,
				311C16F527FB38E600A51F9F /* LibraryViewController.swift in Sources */,
				311C171127FB39DE00A51F9F /* Artist.swift in Sources */,
				311C170327FB396000A51F9F /* PlaylistViewController.swift in Sources */,
				31AC5FCF27FB332100DA492C /* SceneDelegate.swift in Sources */,
				311C170127FB395300A51F9F /* PlayerViewController.swift in Sources */,
				311C170927FB39A400A51F9F /* APICaller.swift in Sources */,
				311C16FD27FB393D00A51F9F /* SettingsViewController.swift in Sources */,
			);
			runOnlyForDeploymentPostprocessing = 0;
		};
/* End PBXSourcesBuildPhase section */

/* Begin PBXVariantGroup section */
		31AC5FD727FB332600DA492C /* LaunchScreen.storyboard */ = {
			isa = PBXVariantGroup;
			children = (
				31AC5FD827FB332600DA492C /* Base */,
			);
			name = LaunchScreen.storyboard;
			sourceTree = "<group>";
		};
/* End PBXVariantGroup section */

/* Begin XCBuildConfiguration section */
		31AC5FDB27FB332600DA492C /* Debug */ = {
			isa = XCBuildConfiguration;
			buildSettings = {
				ALWAYS_SEARCH_USER_PATHS = NO;
				CLANG_ANALYZER_NONNULL = YES;
				CLANG_ANALYZER_NUMBER_OBJECT_CONVERSION = YES_AGGRESSIVE;
				CLANG_CXX_LANGUAGE_STANDARD = "gnu++17";
				CLANG_ENABLE_MODULES = YES;
				CLANG_ENABLE_OBJC_ARC = YES;
				CLANG_ENABLE_OBJC_WEAK = YES;
				CLANG_WARN_BLOCK_CAPTURE_AUTORELEASING = YES;
				CLANG_WARN_BOOL_CONVERSION = YES;
				CLANG_WARN_COMMA = YES;
				CLANG_WARN_CONSTANT_CONVERSION = YES;
				CLANG_WARN_DEPRECATED_OBJC_IMPLEMENTATIONS = YES;
				CLANG_WARN_DIRECT_OBJC_ISA_USAGE = YES_ERROR;
				CLANG_WARN_DOCUMENTATION_COMMENTS = YES;
				CLANG_WARN_EMPTY_BODY = YES;
				CLANG_WARN_ENUM_CONVERSION = YES;
				CLANG_WARN_INFINITE_RECURSION = YES;
				CLANG_WARN_INT_CONVERSION = YES;
				CLANG_WARN_NON_LITERAL_NULL_CONVERSION = YES;
				CLANG_WARN_OBJC_IMPLICIT_RETAIN_SELF = YES;
				CLANG_WARN_OBJC_LITERAL_CONVERSION = YES;
				CLANG_WARN_OBJC_ROOT_CLASS = YES_ERROR;
				CLANG_WARN_QUOTED_INCLUDE_IN_FRAMEWORK_HEADER = YES;
				CLANG_WARN_RANGE_LOOP_ANALYSIS = YES;
				CLANG_WARN_STRICT_PROTOTYPES = YES;
				CLANG_WARN_SUSPICIOUS_MOVE = YES;
				CLANG_WARN_UNGUARDED_AVAILABILITY = YES_AGGRESSIVE;
				CLANG_WARN_UNREACHABLE_CODE = YES;
				CLANG_WARN__DUPLICATE_METHOD_MATCH = YES;
				COPY_PHASE_STRIP = NO;
				DEBUG_INFORMATION_FORMAT = dwarf;
				ENABLE_STRICT_OBJC_MSGSEND = YES;
				ENABLE_TESTABILITY = YES;
				GCC_C_LANGUAGE_STANDARD = gnu11;
				GCC_DYNAMIC_NO_PIC = NO;
				GCC_NO_COMMON_BLOCKS = YES;
				GCC_OPTIMIZATION_LEVEL = 0;
				GCC_PREPROCESSOR_DEFINITIONS = (
					"DEBUG=1",
					"$(inherited)",
				);
				GCC_WARN_64_TO_32_BIT_CONVERSION = YES;
				GCC_WARN_ABOUT_RETURN_TYPE = YES_ERROR;
				GCC_WARN_UNDECLARED_SELECTOR = YES;
				GCC_WARN_UNINITIALIZED_AUTOS = YES_AGGRESSIVE;
				GCC_WARN_UNUSED_FUNCTION = YES;
				GCC_WARN_UNUSED_VARIABLE = YES;
				IPHONEOS_DEPLOYMENT_TARGET = 15.4;
				MTL_ENABLE_DEBUG_INFO = INCLUDE_SOURCE;
				MTL_FAST_MATH = YES;
				ONLY_ACTIVE_ARCH = YES;
				SDKROOT = iphoneos;
				SWIFT_ACTIVE_COMPILATION_CONDITIONS = DEBUG;
				SWIFT_OPTIMIZATION_LEVEL = "-Onone";
			};
			name = Debug;
		};
		31AC5FDC27FB332600DA492C /* Release */ = {
			isa = XCBuildConfiguration;
			buildSettings = {
				ALWAYS_SEARCH_USER_PATHS = NO;
				CLANG_ANALYZER_NONNULL = YES;
				CLANG_ANALYZER_NUMBER_OBJECT_CONVERSION = YES_AGGRESSIVE;
				CLANG_CXX_LANGUAGE_STANDARD = "gnu++17";
				CLANG_ENABLE_MODULES = YES;
				CLANG_ENABLE_OBJC_ARC = YES;
				CLANG_ENABLE_OBJC_WEAK = YES;
				CLANG_WARN_BLOCK_CAPTURE_AUTORELEASING = YES;
				CLANG_WARN_BOOL_CONVERSION = YES;
				CLANG_WARN_COMMA = YES;
				CLANG_WARN_CONSTANT_CONVERSION = YES;
				CLANG_WARN_DEPRECATED_OBJC_IMPLEMENTATIONS = YES;
				CLANG_WARN_DIRECT_OBJC_ISA_USAGE = YES_ERROR;
				CLANG_WARN_DOCUMENTATION_COMMENTS = YES;
				CLANG_WARN_EMPTY_BODY = YES;
				CLANG_WARN_ENUM_CONVERSION = YES;
				CLANG_WARN_INFINITE_RECURSION = YES;
				CLANG_WARN_INT_CONVERSION = YES;
				CLANG_WARN_NON_LITERAL_NULL_CONVERSION = YES;
				CLANG_WARN_OBJC_IMPLICIT_RETAIN_SELF = YES;
				CLANG_WARN_OBJC_LITERAL_CONVERSION = YES;
				CLANG_WARN_OBJC_ROOT_CLASS = YES_ERROR;
				CLANG_WARN_QUOTED_INCLUDE_IN_FRAMEWORK_HEADER = YES;
				CLANG_WARN_RANGE_LOOP_ANALYSIS = YES;
				CLANG_WARN_STRICT_PROTOTYPES = YES;
				CLANG_WARN_SUSPICIOUS_MOVE = YES;
				CLANG_WARN_UNGUARDED_AVAILABILITY = YES_AGGRESSIVE;
				CLANG_WARN_UNREACHABLE_CODE = YES;
				CLANG_WARN__DUPLICATE_METHOD_MATCH = YES;
				COPY_PHASE_STRIP = NO;
				DEBUG_INFORMATION_FORMAT = "dwarf-with-dsym";
				ENABLE_NS_ASSERTIONS = NO;
				ENABLE_STRICT_OBJC_MSGSEND = YES;
				GCC_C_LANGUAGE_STANDARD = gnu11;
				GCC_NO_COMMON_BLOCKS = YES;
				GCC_WARN_64_TO_32_BIT_CONVERSION = YES;
				GCC_WARN_ABOUT_RETURN_TYPE = YES_ERROR;
				GCC_WARN_UNDECLARED_SELECTOR = YES;
				GCC_WARN_UNINITIALIZED_AUTOS = YES_AGGRESSIVE;
				GCC_WARN_UNUSED_FUNCTION = YES;
				GCC_WARN_UNUSED_VARIABLE = YES;
				IPHONEOS_DEPLOYMENT_TARGET = 15.4;
				MTL_ENABLE_DEBUG_INFO = NO;
				MTL_FAST_MATH = YES;
				SDKROOT = iphoneos;
				SWIFT_COMPILATION_MODE = wholemodule;
				SWIFT_OPTIMIZATION_LEVEL = "-O";
				VALIDATE_PRODUCT = YES;
			};
			name = Release;
		};
		31AC5FDE27FB332600DA492C /* Debug */ = {
			isa = XCBuildConfiguration;
			buildSettings = {
				ASSETCATALOG_COMPILER_APPICON_NAME = AppIcon;
				ASSETCATALOG_COMPILER_GLOBAL_ACCENT_COLOR_NAME = AccentColor;
				CODE_SIGN_STYLE = Automatic;
				CURRENT_PROJECT_VERSION = 1;
				DEVELOPMENT_TEAM = K53RUXSVW4;
				GENERATE_INFOPLIST_FILE = YES;
				INFOPLIST_FILE = Spotify/Info.plist;
				INFOPLIST_KEY_UIApplicationSupportsIndirectInputEvents = YES;
				INFOPLIST_KEY_UILaunchStoryboardName = LaunchScreen;
				INFOPLIST_KEY_UIMainStoryboardFile = LaunchScreen;
				INFOPLIST_KEY_UISupportedInterfaceOrientations = UIInterfaceOrientationPortrait;
				INFOPLIST_KEY_UISupportedInterfaceOrientations_iPad = "UIInterfaceOrientationPortrait UIInterfaceOrientationPortraitUpsideDown UIInterfaceOrientationLandscapeLeft UIInterfaceOrientationLandscapeRight";
				INFOPLIST_KEY_UISupportedInterfaceOrientations_iPhone = "UIInterfaceOrientationPortrait UIInterfaceOrientationLandscapeLeft UIInterfaceOrientationLandscapeRight";
				LD_RUNPATH_SEARCH_PATHS = (
					"$(inherited)",
					"@executable_path/Frameworks",
				);
				MARKETING_VERSION = 1.0;
				PRODUCT_BUNDLE_IDENTIFIER = com.richard.Spotify;
				PRODUCT_NAME = "$(TARGET_NAME)";
				SWIFT_EMIT_LOC_STRINGS = YES;
				SWIFT_VERSION = 5.0;
				TARGETED_DEVICE_FAMILY = "1,2";
			};
			name = Debug;
		};
		31AC5FDF27FB332600DA492C /* Release */ = {
			isa = XCBuildConfiguration;
			buildSettings = {
				ASSETCATALOG_COMPILER_APPICON_NAME = AppIcon;
				ASSETCATALOG_COMPILER_GLOBAL_ACCENT_COLOR_NAME = AccentColor;
				CODE_SIGN_STYLE = Automatic;
				CURRENT_PROJECT_VERSION = 1;
				DEVELOPMENT_TEAM = K53RUXSVW4;
				GENERATE_INFOPLIST_FILE = YES;
				INFOPLIST_FILE = Spotify/Info.plist;
				INFOPLIST_KEY_UIApplicationSupportsIndirectInputEvents = YES;
				INFOPLIST_KEY_UILaunchStoryboardName = LaunchScreen;
				INFOPLIST_KEY_UIMainStoryboardFile = LaunchScreen;
				INFOPLIST_KEY_UISupportedInterfaceOrientations = UIInterfaceOrientationPortrait;
				INFOPLIST_KEY_UISupportedInterfaceOrientations_iPad = "UIInterfaceOrientationPortrait UIInterfaceOrientationPortraitUpsideDown UIInterfaceOrientationLandscapeLeft UIInterfaceOrientationLandscapeRight";
				INFOPLIST_KEY_UISupportedInterfaceOrientations_iPhone = "UIInterfaceOrientationPortrait UIInterfaceOrientationLandscapeLeft UIInterfaceOrientationLandscapeRight";
				LD_RUNPATH_SEARCH_PATHS = (
					"$(inherited)",
					"@executable_path/Frameworks",
				);
				MARKETING_VERSION = 1.0;
				PRODUCT_BUNDLE_IDENTIFIER = com.richard.Spotify;
				PRODUCT_NAME = "$(TARGET_NAME)";
				SWIFT_EMIT_LOC_STRINGS = YES;
				SWIFT_VERSION = 5.0;
				TARGETED_DEVICE_FAMILY = "1,2";
			};
			name = Release;
		};
/* End XCBuildConfiguration section */

/* Begin XCConfigurationList section */
		31AC5FC427FB332100DA492C /* Build configuration list for PBXProject "Spotify" */ = {
			isa = XCConfigurationList;
			buildConfigurations = (
				31AC5FDB27FB332600DA492C /* Debug */,
				31AC5FDC27FB332600DA492C /* Release */,
			);
			defaultConfigurationIsVisible = 0;
			defaultConfigurationName = Release;
		};
		31AC5FDD27FB332600DA492C /* Build configuration list for PBXNativeTarget "Spotify" */ = {
			isa = XCConfigurationList;
			buildConfigurations = (
				31AC5FDE27FB332600DA492C /* Debug */,
				31AC5FDF27FB332600DA492C /* Release */,
			);
			defaultConfigurationIsVisible = 0;
			defaultConfigurationName = Release;
		};
/* End XCConfigurationList section */
	};
	rootObject = 31AC5FC127FB332100DA492C /* Project object */;
}
